
Microsoft Visual Studio Solution File, Format Version 12.00
# Visual Studio 2013
VisualStudioVersion = 12.0.31101.0
MinimumVisualStudioVersion = 10.0.40219.1
Project("{E24C65DC-7377-472B-9ABA-BC803B73C61A}") = "hatgionghcq_source", "http://localhost:51798", "{348AD025-4D82-4B8A-8F21-59DF2794C558}"
	ProjectSection(WebsiteProperties) = preProject
		UseIISExpress = "true"
		TargetFrameworkMoniker = ".NETFramework,Version%3Dv3.5"
		Debug.AspNetCompiler.VirtualPath = "/localhost_51798"
		Debug.AspNetCompiler.PhysicalPath = "hatgionghcq_source\"
		Debug.AspNetCompiler.TargetPath = "PrecompiledWeb\localhost_51798\"
		Debug.AspNetCompiler.Updateable = "true"
		Debug.AspNetCompiler.ForceOverwrite = "true"
		Debug.AspNetCompiler.FixedNames = "false"
		Debug.AspNetCompiler.Debug = "True"
		Release.AspNetCompiler.VirtualPath = "/localhost_51798"
		Release.AspNetCompiler.PhysicalPath = "hatgionghcq_source\"
		Release.AspNetCompiler.TargetPath = "PrecompiledWeb\localhost_51798\"
		Release.AspNetCompiler.Updateable = "true"
		Release.AspNetCompiler.ForceOverwrite = "true"
		Release.AspNetCompiler.FixedNames = "false"
		Release.AspNetCompiler.Debug = "False"
		SlnRelativePath = "hatgionghcq_source\"
	EndProjectSection
EndProject
Global
	GlobalSection(SolutionConfigurationPlatforms) = preSolution
		Debug|Any CPU = Debug|Any CPU
	EndGlobalSection
	GlobalSection(ProjectConfigurationPlatforms) = postSolution
		{348AD025-4D82-4B8A-8F21-59DF2794C558}.Debug|Any CPU.ActiveCfg = Debug|Any CPU
		{348AD025-4D82-4B8A-8F21-59DF2794C558}.Debug|Any CPU.Build.0 = Debug|Any CPU
	EndGlobalSection
	GlobalSection(SolutionProperties) = preSolution
		HideSolutionNode = FALSE
	EndGlobalSection
EndGlobal
